
Microsoft Visual Studio Solution File, Format Version 12.00
# Visual Studio Version 16
VisualStudioVersion = 16.0.31205.134
MinimumVisualStudioVersion = 10.0.40219.1
Project("{FAE04EC0-301F-11D3-BF4B-00C04F79EFBC}") = "Password Manager", "Password Manager.csproj", "{19E3BE4A-590E-4D7A-A201-D5F3FD0EA53B}"
EndProject
Project("{2150E333-8FDC-42A3-9474-1A3956D46DE8}") = "Solution Items", "Solution Items", "{D9FF1830-C3FA-429C-B811-0990E3C7F5A5}"
	ProjectSection(SolutionItems) = preProject
		.editorconfig = .editorconfig
	EndProjectSection
EndProject
Global
	GlobalSection(SolutionConfigurationPlatforms) = preSolution
		Debug|Any CPU = Debug|Any CPU
		Release|Any CPU = Release|Any CPU
	EndGlobalSection
	GlobalSection(ProjectConfigurationPlatforms) = postSolution
		{19E3BE4A-590E-4D7A-A201-D5F3FD0EA53B}.Debug|Any CPU.ActiveCfg = Debug|Any CPU
		{19E3BE4A-590E-4D7A-A201-D5F3FD0EA53B}.Debug|Any CPU.Build.0 = Debug|Any CPU
		{19E3BE4A-590E-4D7A-A201-D5F3FD0EA53B}.Release|Any CPU.ActiveCfg = Release|Any CPU
		{19E3BE4A-590E-4D7A-A201-D5F3FD0EA53B}.Release|Any CPU.Build.0 = Release|Any CPU
	EndGlobalSection
	GlobalSection(SolutionProperties) = preSolution
		HideSolutionNode = FALSE
	EndGlobalSection
	GlobalSection(ExtensibilityGlobals) = postSolution
		SolutionGuid = {AECF5163-4383-4F6E-9863-A76BB46A71D7}
	EndGlobalSection
EndGlobal
